
Microsoft Visual Studio Solution File, Format Version 12.00
# Visual Studio Version 17
VisualStudioVersion = 17.8.34511.84
MinimumVisualStudioVersion = 10.0.40219.1
Project("{FAE04EC0-301F-11D3-BF4B-00C04F79EFBC}") = "UsbCam", "UsbCam.csproj", "{C8F23549-49FB-4A03-84DF-A64BD1BCDE4A}"
EndProject
Global
	GlobalSection(SolutionConfigurationPlatforms) = preSolution
		Debug|Any CPU = Debug|Any CPU
		Release|Any CPU = Release|Any CPU
	EndGlobalSection
	GlobalSection(ProjectConfigurationPlatforms) = postSolution
		{C8F23549-49FB-4A03-84DF-A64BD1BCDE4A}.Debug|Any CPU.ActiveCfg = Debug|Any CPU
		{C8F23549-49FB-4A03-84DF-A64BD1BCDE4A}.Debug|Any CPU.Build.0 = Debug|Any CPU
		{C8F23549-49FB-4A03-84DF-A64BD1BCDE4A}.Release|Any CPU.ActiveCfg = Release|Any CPU
		{C8F23549-49FB-4A03-84DF-A64BD1BCDE4A}.Release|Any CPU.Build.0 = Release|Any CPU
	EndGlobalSection
	GlobalSection(SolutionProperties) = preSolution
		HideSolutionNode = FALSE
	EndGlobalSection
	GlobalSection(ExtensibilityGlobals) = postSolution
		SolutionGuid = {A86B24CF-0C8A-46C9-A706-6CC5AD21DBE0}
	EndGlobalSection
EndGlobal
